
Microsoft Visual Studio Solution File, Format Version 12.00
# Visual Studio Version 17
VisualStudioVersion = 17.10.35013.160
MinimumVisualStudioVersion = 10.0.40219.1
Project("{FAE04EC0-301F-11D3-BF4B-00C04F79EFBC}") = "MVCEtWebAPI", "MVCEtWebAPI\MVCEtWebAPI.csproj", "{0CB905B0-7D1C-46C0-B16A-8B057F2F8EF5}"
EndProject
Project("{FAE04EC0-301F-11D3-BF4B-00C04F79EFBC}") = "Models", "Models\Models.csproj", "{69FD19EC-0E70-42CD-8DAA-734719C1FC91}"
EndProject
Project("{FAE04EC0-301F-11D3-BF4B-00C04F79EFBC}") = "WebApi", "WebApi\WebApi.csproj", "{E2CD2E3B-FA66-4AA2-A33F-30F65B49FE5A}"
EndProject
Global
	GlobalSection(SolutionConfigurationPlatforms) = preSolution
		Debug|Any CPU = Debug|Any CPU
		Release|Any CPU = Release|Any CPU
	EndGlobalSection
	GlobalSection(ProjectConfigurationPlatforms) = postSolution
		{0CB905B0-7D1C-46C0-B16A-8B057F2F8EF5}.Debug|Any CPU.ActiveCfg = Debug|Any CPU
		{0CB905B0-7D1C-46C0-B16A-8B057F2F8EF5}.Debug|Any CPU.Build.0 = Debug|Any CPU
		{0CB905B0-7D1C-46C0-B16A-8B057F2F8EF5}.Release|Any CPU.ActiveCfg = Release|Any CPU
		{0CB905B0-7D1C-46C0-B16A-8B057F2F8EF5}.Release|Any CPU.Build.0 = Release|Any CPU
		{69FD19EC-0E70-42CD-8DAA-734719C1FC91}.Debug|Any CPU.ActiveCfg = Debug|Any CPU
		{69FD19EC-0E70-42CD-8DAA-734719C1FC91}.Debug|Any CPU.Build.0 = Debug|Any CPU
		{69FD19EC-0E70-42CD-8DAA-734719C1FC91}.Release|Any CPU.ActiveCfg = Release|Any CPU
		{69FD19EC-0E70-42CD-8DAA-734719C1FC91}.Release|Any CPU.Build.0 = Release|Any CPU
		{E2CD2E3B-FA66-4AA2-A33F-30F65B49FE5A}.Debug|Any CPU.ActiveCfg = Debug|Any CPU
		{E2CD2E3B-FA66-4AA2-A33F-30F65B49FE5A}.Debug|Any CPU.Build.0 = Debug|Any CPU
		{E2CD2E3B-FA66-4AA2-A33F-30F65B49FE5A}.Release|Any CPU.ActiveCfg = Release|Any CPU
		{E2CD2E3B-FA66-4AA2-A33F-30F65B49FE5A}.Release|Any CPU.Build.0 = Release|Any CPU
	EndGlobalSection
	GlobalSection(SolutionProperties) = preSolution
		HideSolutionNode = FALSE
	EndGlobalSection
	GlobalSection(ExtensibilityGlobals) = postSolution
		SolutionGuid = {4C8ED594-A27B-4DDA-BB82-AC3A7CF1ECF4}
	EndGlobalSection
EndGlobal
